github.com/balacode/zr v1.1.0 h1:3UsFdsRjPd6inBA1Nr9fAVHNJPor0x1K4RYArFmuzWE=
github.com/balacode/zr v1.1.0/go.mod h1:Gek772GtTXR/nDElnIYqB8kHcg3nKhjzTt1yZNUVnmA=
github.com/balacode/zr-fs v1.0.1 h1:pId/9Id9YQakpJjXJDtR0p+DQvGmpV0HHGBYJOtKGV4=
github.com/balacode/zr-fs v1.0.1/go.mod h1:N5LLiI6OWfiInxHLe+P6qEWmZoVVVxGrcJYvp6BjTr8=
