github.com/balacode/zr v1.0.0 h1:MCupkEoXvrnCljc4KddiDOhR04ZLUAACgtKuo3o+9vc=
github.com/balacode/zr v1.0.0/go.mod h1:pLeSAL3DhZ9L0JuiRkUtIX3mLOCtzBLnDhfmykbSmkE=
github.com/balacode/zr-fs v1.0.0 h1:sBOfrrz1TLyA/xWvNVguuHMBNJVh/vrwPFruqi64m4M=
github.com/balacode/zr-fs v1.0.0/go.mod h1:qfK2POV7sj9mIn8odfwJ4Ibm+KejkQ/bbb6252Wk7v8=
